
Microsoft Visual Studio Solution File, Format Version 12.00
# Visual Studio Version 17
VisualStudioVersion = 17.5.002.0
MinimumVisualStudioVersion = 10.0.40219.1
Project("{9A19103F-16F7-4668-BE54-9A1E7A4F7556}") = "Employee_Management_System_api", "Employee_Management_System_api.csproj", "{37617A9F-02FF-4EF1-A02B-4099F8CCDF84}"
EndProject
Global
	GlobalSection(SolutionConfigurationPlatforms) = preSolution
		Debug|Any CPU = Debug|Any CPU
		Release|Any CPU = Release|Any CPU
	EndGlobalSection
	GlobalSection(ProjectConfigurationPlatforms) = postSolution
		{37617A9F-02FF-4EF1-A02B-4099F8CCDF84}.Debug|Any CPU.ActiveCfg = Debug|Any CPU
		{37617A9F-02FF-4EF1-A02B-4099F8CCDF84}.Debug|Any CPU.Build.0 = Debug|Any CPU
		{37617A9F-02FF-4EF1-A02B-4099F8CCDF84}.Release|Any CPU.ActiveCfg = Release|Any CPU
		{37617A9F-02FF-4EF1-A02B-4099F8CCDF84}.Release|Any CPU.Build.0 = Release|Any CPU
	EndGlobalSection
	GlobalSection(SolutionProperties) = preSolution
		HideSolutionNode = FALSE
	EndGlobalSection
	GlobalSection(ExtensibilityGlobals) = postSolution
		SolutionGuid = {17A34E90-A301-4AFB-9A7C-0F2FE83E1B54}
	EndGlobalSection
EndGlobal
